// !$*UTF8*$!
{
	archiveVersion = 1;
	classes = {
	};
	objectVersion = 46;
	objects = {

/* Begin PBXBuildFile section */
		2B60FB0C1C6D67D300EC3071 /* main.m in Sources */ = {isa = PBXBuildFile; fileRef = 2B60FB0B1C6D67D300EC3071 /* main.m */; };
		2B60FB0F1C6D67D300EC3071 /* AppDelegate.m in Sources */ = {isa = PBXBuildFile; fileRef = 2B60FB0E1C6D67D300EC3071 /* AppDelegate.m */; };
		2B60FB121C6D67D300EC3071 /* BEPUsersViewController.m in Sources */ = {isa = PBXBuildFile; fileRef = 2B60FB111C6D67D300EC3071 /* BEPUsersViewController.m */; };
		2B60FB171C6D67D300EC3071 /* Assets.xcassets in Resources */ = {isa = PBXBuildFile; fileRef = 2B60FB161C6D67D300EC3071 /* Assets.xcassets */; };
		2B60FB1A1C6D67D300EC3071 /* LaunchScreen.storyboard in Resources */ = {isa = PBXBuildFile; fileRef = 2B60FB181C6D67D300EC3071 /* LaunchScreen.storyboard */; };
		2B60FB251C6D67D300EC3071 /* BehancePlayTests.m in Sources */ = {isa = PBXBuildFile; fileRef = 2B60FB241C6D67D300EC3071 /* BehancePlayTests.m */; };
		2B60FB301C6D67D300EC3071 /* BehancePlayUITests.m in Sources */ = {isa = PBXBuildFile; fileRef = 2B60FB2F1C6D67D300EC3071 /* BehancePlayUITests.m */; };
		2B60FB411C6D6D3500EC3071 /* BEPUser.m in Sources */ = {isa = PBXBuildFile; fileRef = 2B60FB401C6D6D3500EC3071 /* BEPUser.m */; };
		2B60FB461C6D6EEE00EC3071 /* BEPClient.m in Sources */ = {isa = PBXBuildFile; fileRef = 2B60FB451C6D6EEE00EC3071 /* BEPClient.m */; };
		2B60FB4B1C6D6F6D00EC3071 /* BEPCommon.m in Sources */ = {isa = PBXBuildFile; fileRef = 2B60FB4A1C6D6F6D00EC3071 /* BEPCommon.m */; };
		2B60FB4E1C6D701700EC3071 /* BEPUserService.m in Sources */ = {isa = PBXBuildFile; fileRef = 2B60FB4D1C6D701700EC3071 /* BEPUserService.m */; };
		2B60FB531C6D715700EC3071 /* BEPUsersViewControllerCollectionViewCell.m in Sources */ = {isa = PBXBuildFile; fileRef = 2B60FB511C6D715700EC3071 /* BEPUsersViewControllerCollectionViewCell.m */; };
		2B60FB541C6D715700EC3071 /* BEPUsersViewControllerCollectionViewCell.xib in Resources */ = {isa = PBXBuildFile; fileRef = 2B60FB521C6D715700EC3071 /* BEPUsersViewControllerCollectionViewCell.xib */; };
		2B60FB581C6D7C2F00EC3071 /* BEPProgressHUD.m in Sources */ = {isa = PBXBuildFile; fileRef = 2B60FB571C6D7C2F00EC3071 /* BEPProgressHUD.m */; };
		2B60FB5C1C6D83A400EC3071 /* BEPClientUsersResponse.m in Sources */ = {isa = PBXBuildFile; fileRef = 2B60FB5B1C6D83A400EC3071 /* BEPClientUsersResponse.m */; };
		2B60FB611C6D8A3B00EC3071 /* BEPUsersViewControllerSearchBarReusableView.m in Sources */ = {isa = PBXBuildFile; fileRef = 2B60FB5F1C6D8A3B00EC3071 /* BEPUsersViewControllerSearchBarReusableView.m */; };
		767225E39C6443517E2C67BC /* libPods-BehancePlayTests.a in Frameworks */ = {isa = PBXBuildFile; fileRef = D0DA49B5426B563BF8C1B07C /* libPods-BehancePlayTests.a */; };
		9BCE51C9D3439AE454834A82 /* libPods.a in Frameworks */ = {isa = PBXBuildFile; fileRef = A5D90C5CCBBFEBC8CF766B88 /* libPods.a */; };
/* End PBXBuildFile section */

/* Begin PBXContainerItemProxy section */
		2B60FB211C6D67D300EC3071 /* PBXContainerItemProxy */ = {
			isa = PBXContainerItemProxy;
			containerPortal = 2B60FAFF1C6D67D200EC3071 /* Project object */;
			proxyType = 1;
			remoteGlobalIDString = 2B60FB061C6D67D200EC3071;
			remoteInfo = BehancePlay;
		};
		2B60FB2C1C6D67D300EC3071 /* PBXContainerItemProxy */ = {
			isa = PBXContainerItemProxy;
			containerPortal = 2B60FAFF1C6D67D200EC3071 /* Project object */;
			proxyType = 1;
			remoteGlobalIDString = 2B60FB061C6D67D200EC3071;
			remoteInfo = BehancePlay;
		};
/* End PBXContainerItemProxy section */

/* Begin PBXFileReference section */
		2B60FB071C6D67D200EC3071 /* BehancePlay.app */ = {isa = PBXFileReference; explicitFileType = wrapper.application; includeInIndex = 0; path = BehancePlay.app; sourceTree = BUILT_PRODUCTS_DIR; };
		2B60FB0B1C6D67D300EC3071 /* main.m */ = {isa = PBXFileReference; lastKnownFileType = sourcecode.c.objc; path = main.m; sourceTree = "<group>"; };
		2B60FB0D1C6D67D300EC3071 /* AppDelegate.h */ = {isa = PBXFileReference; lastKnownFileType = sourcecode.c.h; path = AppDelegate.h; sourceTree = "<group>"; };
		2B60FB0E1C6D67D300EC3071 /* AppDelegate.m */ = {isa = PBXFileReference; lastKnownFileType = sourcecode.c.objc; path = AppDelegate.m; sourceTree = "<group>"; };
		2B60FB101C6D67D300EC3071 /* BEPUsersViewController.h */ = {isa = PBXFileReference; lastKnownFileType = sourcecode.c.h; path = BEPUsersViewController.h; sourceTree = "<group>"; };
		2B60FB111C6D67D300EC3071 /* BEPUsersViewController.m */ = {isa = PBXFileReference; lastKnownFileType = sourcecode.c.objc; path = BEPUsersViewController.m; sourceTree = "<group>"; };
		2B60FB161C6D67D300EC3071 /* Assets.xcassets */ = {isa = PBXFileReference; lastKnownFileType = folder.assetcatalog; path = Assets.xcassets; sourceTree = "<group>"; };
		2B60FB191C6D67D300EC3071 /* Base */ = {isa = PBXFileReference; lastKnownFileType = file.storyboard; name = Base; path = Base.lproj/LaunchScreen.storyboard; sourceTree = "<group>"; };
		2B60FB1B1C6D67D300EC3071 /* Info.plist */ = {isa = PBXFileReference; lastKnownFileType = text.plist.xml; path = Info.plist; sourceTree = "<group>"; };
		2B60FB201C6D67D300EC3071 /* BehancePlayTests.xctest */ = {isa = PBXFileReference; explicitFileType = wrapper.cfbundle; includeInIndex = 0; path = BehancePlayTests.xctest; sourceTree = BUILT_PRODUCTS_DIR; };
		2B60FB241C6D67D300EC3071 /* BehancePlayTests.m */ = {isa = PBXFileReference; lastKnownFileType = sourcecode.c.objc; path = BehancePlayTests.m; sourceTree = "<group>"; };
		2B60FB261C6D67D300EC3071 /* Info.plist */ = {isa = PBXFileReference; lastKnownFileType = text.plist.xml; path = Info.plist; sourceTree = "<group>"; };
		2B60FB2B1C6D67D300EC3071 /* BehancePlayUITests.xctest */ = {isa = PBXFileReference; explicitFileType = wrapper.cfbundle; includeInIndex = 0; path = BehancePlayUITests.xctest; sourceTree = BUILT_PRODUCTS_DIR; };
		2B60FB2F1C6D67D300EC3071 /* BehancePlayUITests.m */ = {isa = PBXFileReference; lastKnownFileType = sourcecode.c.objc; path = BehancePlayUITests.m; sourceTree = "<group>"; };
		2B60FB311C6D67D300EC3071 /* Info.plist */ = {isa = PBXFileReference; lastKnownFileType = text.plist.xml; path = Info.plist; sourceTree = "<group>"; };
		2B60FB3F1C6D6D3500EC3071 /* BEPUser.h */ = {isa = PBXFileReference; fileEncoding = 4; lastKnownFileType = sourcecode.c.h; path = BEPUser.h; sourceTree = "<group>"; };
		2B60FB401C6D6D3500EC3071 /* BEPUser.m */ = {isa = PBXFileReference; fileEncoding = 4; lastKnownFileType = sourcecode.c.objc; path = BEPUser.m; sourceTree = "<group>"; };
		2B60FB441C6D6EEE00EC3071 /* BEPClient.h */ = {isa = PBXFileReference; fileEncoding = 4; lastKnownFileType = sourcecode.c.h; path = BEPClient.h; sourceTree = "<group>"; };
		2B60FB451C6D6EEE00EC3071 /* BEPClient.m */ = {isa = PBXFileReference; fileEncoding = 4; lastKnownFileType = sourcecode.c.objc; path = BEPClient.m; sourceTree = "<group>"; };
		2B60FB481C6D6F1500EC3071 /* BEPPrefixHeader.pch */ = {isa = PBXFileReference; lastKnownFileType = sourcecode.c.h; path = BEPPrefixHeader.pch; sourceTree = "<group>"; };
		2B60FB491C6D6F6D00EC3071 /* BEPCommon.h */ = {isa = PBXFileReference; fileEncoding = 4; lastKnownFileType = sourcecode.c.h; path = BEPCommon.h; sourceTree = "<group>"; };
		2B60FB4A1C6D6F6D00EC3071 /* BEPCommon.m */ = {isa = PBXFileReference; fileEncoding = 4; lastKnownFileType = sourcecode.c.objc; path = BEPCommon.m; sourceTree = "<group>"; };
		2B60FB4C1C6D701700EC3071 /* BEPUserService.h */ = {isa = PBXFileReference; fileEncoding = 4; lastKnownFileType = sourcecode.c.h; path = BEPUserService.h; sourceTree = "<group>"; };
		2B60FB4D1C6D701700EC3071 /* BEPUserService.m */ = {isa = PBXFileReference; fileEncoding = 4; lastKnownFileType = sourcecode.c.objc; path = BEPUserService.m; sourceTree = "<group>"; };
		2B60FB501C6D715700EC3071 /* BEPUsersViewControllerCollectionViewCell.h */ = {isa = PBXFileReference; fileEncoding = 4; lastKnownFileType = sourcecode.c.h; path = BEPUsersViewControllerCollectionViewCell.h; sourceTree = "<group>"; };
		2B60FB511C6D715700EC3071 /* BEPUsersViewControllerCollectionViewCell.m */ = {isa = PBXFileReference; fileEncoding = 4; lastKnownFileType = sourcecode.c.objc; path = BEPUsersViewControllerCollectionViewCell.m; sourceTree = "<group>"; };
		2B60FB521C6D715700EC3071 /* BEPUsersViewControllerCollectionViewCell.xib */ = {isa = PBXFileReference; fileEncoding = 4; lastKnownFileType = file.xib; path = BEPUsersViewControllerCollectionViewCell.xib; sourceTree = "<group>"; };
		2B60FB561C6D7C2F00EC3071 /* BEPProgressHUD.h */ = {isa = PBXFileReference; fileEncoding = 4; lastKnownFileType = sourcecode.c.h; path = BEPProgressHUD.h; sourceTree = "<group>"; };
		2B60FB571C6D7C2F00EC3071 /* BEPProgressHUD.m */ = {isa = PBXFileReference; fileEncoding = 4; lastKnownFileType = sourcecode.c.objc; path = BEPProgressHUD.m; sourceTree = "<group>"; };
		2B60FB5A1C6D83A400EC3071 /* BEPClientUsersResponse.h */ = {isa = PBXFileReference; fileEncoding = 4; lastKnownFileType = sourcecode.c.h; path = BEPClientUsersResponse.h; sourceTree = "<group>"; };
		2B60FB5B1C6D83A400EC3071 /* BEPClientUsersResponse.m */ = {isa = PBXFileReference; fileEncoding = 4; lastKnownFileType = sourcecode.c.objc; path = BEPClientUsersResponse.m; sourceTree = "<group>"; };
		2B60FB5E1C6D8A3B00EC3071 /* BEPUsersViewControllerSearchBarReusableView.h */ = {isa = PBXFileReference; fileEncoding = 4; lastKnownFileType = sourcecode.c.h; path = BEPUsersViewControllerSearchBarReusableView.h; sourceTree = "<group>"; };
		2B60FB5F1C6D8A3B00EC3071 /* BEPUsersViewControllerSearchBarReusableView.m */ = {isa = PBXFileReference; fileEncoding = 4; lastKnownFileType = sourcecode.c.objc; path = BEPUsersViewControllerSearchBarReusableView.m; sourceTree = "<group>"; };
		4B551248C46F146DF2621B11 /* Pods-BehancePlayTests.release.xcconfig */ = {isa = PBXFileReference; includeInIndex = 1; lastKnownFileType = text.xcconfig; name = "Pods-BehancePlayTests.release.xcconfig"; path = "Pods/Target Support Files/Pods-BehancePlayTests/Pods-BehancePlayTests.release.xcconfig"; sourceTree = "<group>"; };
		4BE0F4CA870194359761268C /* Pods-BehancePlayTests.debug.xcconfig */ = {isa = PBXFileReference; includeInIndex = 1; lastKnownFileType = text.xcconfig; name = "Pods-BehancePlayTests.debug.xcconfig"; path = "Pods/Target Support Files/Pods-BehancePlayTests/Pods-BehancePlayTests.debug.xcconfig"; sourceTree = "<group>"; };
		8BA01A77ACDC27E23CFF1233 /* Pods.release.xcconfig */ = {isa = PBXFileReference; includeInIndex = 1; lastKnownFileType = text.xcconfig; name = Pods.release.xcconfig; path = "Pods/Target Support Files/Pods/Pods.release.xcconfig"; sourceTree = "<group>"; };
		A5D90C5CCBBFEBC8CF766B88 /* libPods.a */ = {isa = PBXFileReference; explicitFileType = archive.ar; includeInIndex = 0; path = libPods.a; sourceTree = BUILT_PRODUCTS_DIR; };
		AAEAB86A831930E92D4A08A1 /* Pods.debug.xcconfig */ = {isa = PBXFileReference; includeInIndex = 1; lastKnownFileType = text.xcconfig; name = Pods.debug.xcconfig; path = "Pods/Target Support Files/Pods/Pods.debug.xcconfig"; sourceTree = "<group>"; };
		D0DA49B5426B563BF8C1B07C /* libPods-BehancePlayTests.a */ = {isa = PBXFileReference; explicitFileType = archive.ar; includeInIndex = 0; path = "libPods-BehancePlayTests.a"; sourceTree = BUILT_PRODUCTS_DIR; };
/* End PBXFileReference section */

/* Begin PBXFrameworksBuildPhase section */
		2B60FB041C6D67D200EC3071 /* Frameworks */ = {
			isa = PBXFrameworksBuildPhase;
			buildActionMask = 2147483647;
			files = (
				9BCE51C9D3439AE454834A82 /* libPods.a in Frameworks */,
			);
			runOnlyForDeploymentPostprocessing = 0;
		};
		2B60FB1D1C6D67D300EC3071 /* Frameworks */ = {
			isa = PBXFrameworksBuildPhase;
			buildActionMask = 2147483647;
			files = (
				767225E39C6443517E2C67BC /* libPods-BehancePlayTests.a in Frameworks */,
			);
			runOnlyForDeploymentPostprocessing = 0;
		};
		2B60FB281C6D67D300EC3071 /* Frameworks */ = {
			isa = PBXFrameworksBuildPhase;
			buildActionMask = 2147483647;
			files = (
			);
			runOnlyForDeploymentPostprocessing = 0;
		};
/* End PBXFrameworksBuildPhase section */

/* Begin PBXGroup section */
		2B60FAFE1C6D67D200EC3071 = {
			isa = PBXGroup;
			children = (
				2B60FB091C6D67D200EC3071 /* BehancePlay */,
				2B60FB231C6D67D300EC3071 /* BehancePlayTests */,
				2B60FB2E1C6D67D300EC3071 /* BehancePlayUITests */,
				2B60FB081C6D67D200EC3071 /* Products */,
				3258CDDE5873A1F71CAA87E0 /* Pods */,
				B1475B7AF3F70FC80BC46375 /* Frameworks */,
			);
			sourceTree = "<group>";
		};
		2B60FB081C6D67D200EC3071 /* Products */ = {
			isa = PBXGroup;
			children = (
				2B60FB071C6D67D200EC3071 /* BehancePlay.app */,
				2B60FB201C6D67D300EC3071 /* BehancePlayTests.xctest */,
				2B60FB2B1C6D67D300EC3071 /* BehancePlayUITests.xctest */,
			);
			name = Products;
			sourceTree = "<group>";
		};
		2B60FB091C6D67D200EC3071 /* BehancePlay */ = {
			isa = PBXGroup;
			children = (
				2B60FB0D1C6D67D300EC3071 /* AppDelegate.h */,
				2B60FB0E1C6D67D300EC3071 /* AppDelegate.m */,
				2B60FB421C6D6D3C00EC3071 /* Shared */,
				2B60FB3D1C6D6CFC00EC3071 /* Screens */,
				2B60FB0A1C6D67D300EC3071 /* Supporting Files */,
			);
			path = BehancePlay;
			sourceTree = "<group>";
		};
		2B60FB0A1C6D67D300EC3071 /* Supporting Files */ = {
			isa = PBXGroup;
			children = (
				2B60FB161C6D67D300EC3071 /* Assets.xcassets */,
				2B60FB181C6D67D300EC3071 /* LaunchScreen.storyboard */,
				2B60FB1B1C6D67D300EC3071 /* Info.plist */,
				2B60FB0B1C6D67D300EC3071 /* main.m */,
				2B60FB481C6D6F1500EC3071 /* BEPPrefixHeader.pch */,
			);
			name = "Supporting Files";
			sourceTree = "<group>";
		};
		2B60FB231C6D67D300EC3071 /* BehancePlayTests */ = {
			isa = PBXGroup;
			children = (
				2B60FB241C6D67D300EC3071 /* BehancePlayTests.m */,
				2B60FB261C6D67D300EC3071 /* Info.plist */,
			);
			path = BehancePlayTests;
			sourceTree = "<group>";
		};
		2B60FB2E1C6D67D300EC3071 /* BehancePlayUITests */ = {
			isa = PBXGroup;
			children = (
				2B60FB2F1C6D67D300EC3071 /* BehancePlayUITests.m */,
				2B60FB311C6D67D300EC3071 /* Info.plist */,
			);
			path = BehancePlayUITests;
			sourceTree = "<group>";
		};
		2B60FB3D1C6D6CFC00EC3071 /* Screens */ = {
			isa = PBXGroup;
			children = (
				2B60FB3E1C6D6D0B00EC3071 /* Users */,
			);
			name = Screens;
			sourceTree = "<group>";
		};
		2B60FB3E1C6D6D0B00EC3071 /* Users */ = {
			isa = PBXGroup;
			children = (
				2B60FB101C6D67D300EC3071 /* BEPUsersViewController.h */,
				2B60FB111C6D67D300EC3071 /* BEPUsersViewController.m */,
				2B60FB551C6D716500EC3071 /* Cells */,
			);
			name = Users;
			sourceTree = "<group>";
		};
		2B60FB421C6D6D3C00EC3071 /* Shared */ = {
			isa = PBXGroup;
			children = (
				2B60FB491C6D6F6D00EC3071 /* BEPCommon.h */,
				2B60FB4A1C6D6F6D00EC3071 /* BEPCommon.m */,
				2B60FB431C6D6D4200EC3071 /* Domain */,
				2B60FB471C6D6EF200EC3071 /* Network Clients */,
				2B60FB4F1C6D703900EC3071 /* Services */,
				2B60FB591C6D7C3400EC3071 /* Components */,
			);
			name = Shared;
			sourceTree = "<group>";
		};
		2B60FB431C6D6D4200EC3071 /* Domain */ = {
			isa = PBXGroup;
			children = (
				2B60FB3F1C6D6D3500EC3071 /* BEPUser.h */,
				2B60FB401C6D6D3500EC3071 /* BEPUser.m */,
			);
			name = Domain;
			sourceTree = "<group>";
		};
		2B60FB471C6D6EF200EC3071 /* Network Clients */ = {
			isa = PBXGroup;
			children = (
				2B60FB441C6D6EEE00EC3071 /* BEPClient.h */,
				2B60FB451C6D6EEE00EC3071 /* BEPClient.m */,
				2B60FB5A1C6D83A400EC3071 /* BEPClientUsersResponse.h */,
				2B60FB5B1C6D83A400EC3071 /* BEPClientUsersResponse.m */,
			);
			name = "Network Clients";
			sourceTree = "<group>";
		};
		2B60FB4F1C6D703900EC3071 /* Services */ = {
			isa = PBXGroup;
			children = (
				2B60FB4C1C6D701700EC3071 /* BEPUserService.h */,
				2B60FB4D1C6D701700EC3071 /* BEPUserService.m */,
			);
			name = Services;
			sourceTree = "<group>";
		};
		2B60FB551C6D716500EC3071 /* Cells */ = {
			isa = PBXGroup;
			children = (
				2B60FB5D1C6D89A600EC3071 /* Users Cell */,
				2B60FB5E1C6D8A3B00EC3071 /* BEPUsersViewControllerSearchBarReusableView.h */,
				2B60FB5F1C6D8A3B00EC3071 /* BEPUsersViewControllerSearchBarReusableView.m */,
			);
			name = Cells;
			sourceTree = "<group>";
		};
		2B60FB591C6D7C3400EC3071 /* Components */ = {
			isa = PBXGroup;
			children = (
				2B60FB561C6D7C2F00EC3071 /* BEPProgressHUD.h */,
				2B60FB571C6D7C2F00EC3071 /* BEPProgressHUD.m */,
			);
			name = Components;
			sourceTree = "<group>";
		};
		2B60FB5D1C6D89A600EC3071 /* Users Cell */ = {
			isa = PBXGroup;
			children = (
				2B60FB501C6D715700EC3071 /* BEPUsersViewControllerCollectionViewCell.h */,
				2B60FB511C6D715700EC3071 /* BEPUsersViewControllerCollectionViewCell.m */,
				2B60FB521C6D715700EC3071 /* BEPUsersViewControllerCollectionViewCell.xib */,
			);
			name = "Users Cell";
			sourceTree = "<group>";
		};
		3258CDDE5873A1F71CAA87E0 /* Pods */ = {
			isa = PBXGroup;
			children = (
				AAEAB86A831930E92D4A08A1 /* Pods.debug.xcconfig */,
				8BA01A77ACDC27E23CFF1233 /* Pods.release.xcconfig */,
				4BE0F4CA870194359761268C /* Pods-BehancePlayTests.debug.xcconfig */,
				4B551248C46F146DF2621B11 /* Pods-BehancePlayTests.release.xcconfig */,
			);
			name = Pods;
			sourceTree = "<group>";
		};
		B1475B7AF3F70FC80BC46375 /* Frameworks */ = {
			isa = PBXGroup;
			children = (
				A5D90C5CCBBFEBC8CF766B88 /* libPods.a */,
				D0DA49B5426B563BF8C1B07C /* libPods-BehancePlayTests.a */,
			);
			name = Frameworks;
			sourceTree = "<group>";
		};
/* End PBXGroup section */

/* Begin PBXNativeTarget section */
		2B60FB061C6D67D200EC3071 /* BehancePlay */ = {
			isa = PBXNativeTarget;
			buildConfigurationList = 2B60FB341C6D67D300EC3071 /* Build configuration list for PBXNativeTarget "BehancePlay" */;
			buildPhases = (
				BE493C2AFF5030AA217B7583 /* Check Pods Manifest.lock */,
				2B60FB031C6D67D200EC3071 /* Sources */,
				2B60FB041C6D67D200EC3071 /* Frameworks */,
				2B60FB051C6D67D200EC3071 /* Resources */,
				0C99A85BABAE7140B9332471 /* Embed Pods Frameworks */,
				06F5DFC6B7F02EE32B679FCD /* Copy Pods Resources */,
			);
			buildRules = (
			);
			dependencies = (
			);
			name = BehancePlay;
			productName = BehancePlay;
			productReference = 2B60FB071C6D67D200EC3071 /* BehancePlay.app */;
			productType = "com.apple.product-type.application";
		};
		2B60FB1F1C6D67D300EC3071 /* BehancePlayTests */ = {
			isa = PBXNativeTarget;
			buildConfigurationList = 2B60FB371C6D67D300EC3071 /* Build configuration list for PBXNativeTarget "BehancePlayTests" */;
			buildPhases = (
				EF9659BF35444384DB14AC76 /* Check Pods Manifest.lock */,
				2B60FB1C1C6D67D300EC3071 /* Sources */,
				2B60FB1D1C6D67D300EC3071 /* Frameworks */,
				2B60FB1E1C6D67D300EC3071 /* Resources */,
				20316779BBEA272A0E73297E /* Embed Pods Frameworks */,
				09559B5263F15AE2664036B8 /* Copy Pods Resources */,
			);
			buildRules = (
			);
			dependencies = (
				2B60FB221C6D67D300EC3071 /* PBXTargetDependency */,
			);
			name = BehancePlayTests;
			productName = BehancePlayTests;
			productReference = 2B60FB201C6D67D300EC3071 /* BehancePlayTests.xctest */;
			productType = "com.apple.product-type.bundle.unit-test";
		};
		2B60FB2A1C6D67D300EC3071 /* BehancePlayUITests */ = {
			isa = PBXNativeTarget;
			buildConfigurationList = 2B60FB3A1C6D67D300EC3071 /* Build configuration list for PBXNativeTarget "BehancePlayUITests" */;
			buildPhases = (
				2B60FB271C6D67D300EC3071 /* Sources */,
				2B60FB281C6D67D300EC3071 /* Frameworks */,
				2B60FB291C6D67D300EC3071 /* Resources */,
			);
			buildRules = (
			);
			dependencies = (
				2B60FB2D1C6D67D300EC3071 /* PBXTargetDependency */,
			);
			name = BehancePlayUITests;
			productName = BehancePlayUITests;
			productReference = 2B60FB2B1C6D67D300EC3071 /* BehancePlayUITests.xctest */;
			productType = "com.apple.product-type.bundle.ui-testing";
		};
/* End PBXNativeTarget section */

/* Begin PBXProject section */
		2B60FAFF1C6D67D200EC3071 /* Project object */ = {
			isa = PBXProject;
			attributes = {
				LastUpgradeCheck = 0720;
				ORGANIZATIONNAME = "Vinayak Badrinathan";
				TargetAttributes = {
					2B60FB061C6D67D200EC3071 = {
						CreatedOnToolsVersion = 7.2.1;
					};
					2B60FB1F1C6D67D300EC3071 = {
						CreatedOnToolsVersion = 7.2.1;
						TestTargetID = 2B60FB061C6D67D200EC3071;
					};
					2B60FB2A1C6D67D300EC3071 = {
						CreatedOnToolsVersion = 7.2.1;
						TestTargetID = 2B60FB061C6D67D200EC3071;
					};
				};
			};
			buildConfigurationList = 2B60FB021C6D67D200EC3071 /* Build configuration list for PBXProject "BehancePlay" */;
			compatibilityVersion = "Xcode 3.2";
			developmentRegion = English;
			hasScannedForEncodings = 0;
			knownRegions = (
				en,
				Base,
			);
			mainGroup = 2B60FAFE1C6D67D200EC3071;
			productRefGroup = 2B60FB081C6D67D200EC3071 /* Products */;
			projectDirPath = "";
			projectRoot = "";
			targets = (
				2B60FB061C6D67D200EC3071 /* BehancePlay */,
				2B60FB1F1C6D67D300EC3071 /* BehancePlayTests */,
				2B60FB2A1C6D67D300EC3071 /* BehancePlayUITests */,
			);
		};
/* End PBXProject section */

/* Begin PBXResourcesBuildPhase section */
		2B60FB051C6D67D200EC3071 /* Resources */ = {
			isa = PBXResourcesBuildPhase;
			buildActionMask = 2147483647;
			files = (
				2B60FB1A1C6D67D300EC3071 /* LaunchScreen.storyboard in Resources */,
				2B60FB171C6D67D300EC3071 /* Assets.xcassets in Resources */,
				2B60FB541C6D715700EC3071 /* BEPUsersViewControllerCollectionViewCell.xib in Resources */,
			);
			runOnlyForDeploymentPostprocessing = 0;
		};
		2B60FB1E1C6D67D300EC3071 /* Resources */ = {
			isa = PBXResourcesBuildPhase;
			buildActionMask = 2147483647;
			files = (
			);
			runOnlyForDeploymentPostprocessing = 0;
		};
		2B60FB291C6D67D300EC3071 /* Resources */ = {
			isa = PBXResourcesBuildPhase;
			buildActionMask = 2147483647;
			files = (
			);
			runOnlyForDeploymentPostprocessing = 0;
		};
/* End PBXResourcesBuildPhase section */

/* Begin PBXShellScriptBuildPhase section */
		06F5DFC6B7F02EE32B679FCD /* Copy Pods Resources */ = {
			isa = PBXShellScriptBuildPhase;
			buildActionMask = 2147483647;
			files = (
			);
			inputPaths = (
			);
			name = "Copy Pods Resources";
			outputPaths = (
			);
			runOnlyForDeploymentPostprocessing = 0;
			shellPath = /bin/sh;
			shellScript = "\"${SRCROOT}/Pods/Target Support Files/Pods/Pods-resources.sh\"\n";
			showEnvVarsInLog = 0;
		};
		09559B5263F15AE2664036B8 /* Copy Pods Resources */ = {
			isa = PBXShellScriptBuildPhase;
			buildActionMask = 2147483647;
			files = (
			);
			inputPaths = (
			);
			name = "Copy Pods Resources";
			outputPaths = (
			);
			runOnlyForDeploymentPostprocessing = 0;
			shellPath = /bin/sh;
			shellScript = "\"${SRCROOT}/Pods/Target Support Files/Pods-BehancePlayTests/Pods-BehancePlayTests-resources.sh\"\n";
			showEnvVarsInLog = 0;
		};
		0C99A85BABAE7140B9332471 /* Embed Pods Frameworks */ = {
			isa = PBXShellScriptBuildPhase;
			buildActionMask = 2147483647;
			files = (
			);
			inputPaths = (
			);
			name = "Embed Pods Frameworks";
			outputPaths = (
			);
			runOnlyForDeploymentPostprocessing = 0;
			shellPath = /bin/sh;
			shellScript = "\"${SRCROOT}/Pods/Target Support Files/Pods/Pods-frameworks.sh\"\n";
			showEnvVarsInLog = 0;
		};
		20316779BBEA272A0E73297E /* Embed Pods Frameworks */ = {
			isa = PBXShellScriptBuildPhase;
			buildActionMask = 2147483647;
			files = (
			);
			inputPaths = (
			);
			name = "Embed Pods Frameworks";
			outputPaths = (
			);
			runOnlyForDeploymentPostprocessing = 0;
			shellPath = /bin/sh;
			shellScript = "\"${SRCROOT}/Pods/Target Support Files/Pods-BehancePlayTests/Pods-BehancePlayTests-frameworks.sh\"\n";
			showEnvVarsInLog = 0;
		};
		BE493C2AFF5030AA217B7583 /* Check Pods Manifest.lock */ = {
			isa = PBXShellScriptBuildPhase;
			buildActionMask = 2147483647;
			files = (
			);
			inputPaths = (
			);
			name = "Check Pods Manifest.lock";
			outputPaths = (
			);
			runOnlyForDeploymentPostprocessing = 0;
			shellPath = /bin/sh;
			shellScript = "diff \"${PODS_ROOT}/../Podfile.lock\" \"${PODS_ROOT}/Manifest.lock\" > /dev/null\nif [[ $? != 0 ]] ; then\n    cat << EOM\nerror: The sandbox is not in sync with the Podfile.lock. Run 'pod install' or update your CocoaPods installation.\nEOM\n    exit 1\nfi\n";
			showEnvVarsInLog = 0;
		};
		EF9659BF35444384DB14AC76 /* Check Pods Manifest.lock */ = {
			isa = PBXShellScriptBuildPhase;
			buildActionMask = 2147483647;
			files = (
			);
			inputPaths = (
			);
			name = "Check Pods Manifest.lock";
			outputPaths = (
			);
			runOnlyForDeploymentPostprocessing = 0;
			shellPath = /bin/sh;
			shellScript = "diff \"${PODS_ROOT}/../Podfile.lock\" \"${PODS_ROOT}/Manifest.lock\" > /dev/null\nif [[ $? != 0 ]] ; then\n    cat << EOM\nerror: The sandbox is not in sync with the Podfile.lock. Run 'pod install' or update your CocoaPods installation.\nEOM\n    exit 1\nfi\n";
			showEnvVarsInLog = 0;
		};
/* End PBXShellScriptBuildPhase section */

/* Begin PBXSourcesBuildPhase section */
		2B60FB031C6D67D200EC3071 /* Sources */ = {
			isa = PBXSourcesBuildPhase;
			buildActionMask = 2147483647;
			files = (
				2B60FB611C6D8A3B00EC3071 /* BEPUsersViewControllerSearchBarReusableView.m in Sources */,
				2B60FB4B1C6D6F6D00EC3071 /* BEPCommon.m in Sources */,
				2B60FB461C6D6EEE00EC3071 /* BEPClient.m in Sources */,
				2B60FB5C1C6D83A400EC3071 /* BEPClientUsersResponse.m in Sources */,
				2B60FB121C6D67D300EC3071 /* BEPUsersViewController.m in Sources */,
				2B60FB0F1C6D67D300EC3071 /* AppDelegate.m in Sources */,
				2B60FB531C6D715700EC3071 /* BEPUsersViewControllerCollectionViewCell.m in Sources */,
				2B60FB4E1C6D701700EC3071 /* BEPUserService.m in Sources */,
				2B60FB581C6D7C2F00EC3071 /* BEPProgressHUD.m in Sources */,
				2B60FB0C1C6D67D300EC3071 /* main.m in Sources */,
				2B60FB411C6D6D3500EC3071 /* BEPUser.m in Sources */,
			);
			runOnlyForDeploymentPostprocessing = 0;
		};
		2B60FB1C1C6D67D300EC3071 /* Sources */ = {
			isa = PBXSourcesBuildPhase;
			buildActionMask = 2147483647;
			files = (
				2B60FB251C6D67D300EC3071 /* BehancePlayTests.m in Sources */,
			);
			runOnlyForDeploymentPostprocessing = 0;
		};
		2B60FB271C6D67D300EC3071 /* Sources */ = {
			isa = PBXSourcesBuildPhase;
			buildActionMask = 2147483647;
			files = (
				2B60FB301C6D67D300EC3071 /* BehancePlayUITests.m in Sources */,
			);
			runOnlyForDeploymentPostprocessing = 0;
		};
/* End PBXSourcesBuildPhase section */

/* Begin PBXTargetDependency section */
		2B60FB221C6D67D300EC3071 /* PBXTargetDependency */ = {
			isa = PBXTargetDependency;
			target = 2B60FB061C6D67D200EC3071 /* BehancePlay */;
			targetProxy = 2B60FB211C6D67D300EC3071 /* PBXContainerItemProxy */;
		};
		2B60FB2D1C6D67D300EC3071 /* PBXTargetDependency */ = {
			isa = PBXTargetDependency;
			target = 2B60FB061C6D67D200EC3071 /* BehancePlay */;
			targetProxy = 2B60FB2C1C6D67D300EC3071 /* PBXContainerItemProxy */;
		};
/* End PBXTargetDependency section */

/* Begin PBXVariantGroup section */
		2B60FB181C6D67D300EC3071 /* LaunchScreen.storyboard */ = {
			isa = PBXVariantGroup;
			children = (
				2B60FB191C6D67D300EC3071 /* Base */,
			);
			name = LaunchScreen.storyboard;
			sourceTree = "<group>";
		};
/* End PBXVariantGroup section */

/* Begin XCBuildConfiguration section */
		2B60FB321C6D67D300EC3071 /* Debug */ = {
			isa = XCBuildConfiguration;
			buildSettings = {
				ALWAYS_SEARCH_USER_PATHS = NO;
				CLANG_CXX_LANGUAGE_STANDARD = "gnu++0x";
				CLANG_CXX_LIBRARY = "libc++";
				CLANG_ENABLE_MODULES = YES;
				CLANG_ENABLE_OBJC_ARC = YES;
				CLANG_WARN_BOOL_CONVERSION = YES;
				CLANG_WARN_CONSTANT_CONVERSION = YES;
				CLANG_WARN_DIRECT_OBJC_ISA_USAGE = YES_ERROR;
				CLANG_WARN_EMPTY_BODY = YES;
				CLANG_WARN_ENUM_CONVERSION = YES;
				CLANG_WARN_INT_CONVERSION = YES;
				CLANG_WARN_OBJC_ROOT_CLASS = YES_ERROR;
				CLANG_WARN_UNREACHABLE_CODE = YES;
				CLANG_WARN__DUPLICATE_METHOD_MATCH = YES;
				"CODE_SIGN_IDENTITY[sdk=iphoneos*]" = "iPhone Developer";
				COPY_PHASE_STRIP = NO;
				DEBUG_INFORMATION_FORMAT = dwarf;
				ENABLE_STRICT_OBJC_MSGSEND = YES;
				ENABLE_TESTABILITY = YES;
				GCC_C_LANGUAGE_STANDARD = gnu99;
				GCC_DYNAMIC_NO_PIC = NO;
				GCC_NO_COMMON_BLOCKS = YES;
				GCC_OPTIMIZATION_LEVEL = 0;
				GCC_PREPROCESSOR_DEFINITIONS = (
					"DEBUG=1",
					"$(inherited)",
				);
				GCC_WARN_64_TO_32_BIT_CONVERSION = YES;
				GCC_WARN_ABOUT_RETURN_TYPE = YES_ERROR;
				GCC_WARN_UNDECLARED_SELECTOR = YES;
				GCC_WARN_UNINITIALIZED_AUTOS = YES_AGGRESSIVE;
				GCC_WARN_UNUSED_FUNCTION = YES;
				GCC_WARN_UNUSED_VARIABLE = YES;
				IPHONEOS_DEPLOYMENT_TARGET = 9.2;
				MTL_ENABLE_DEBUG_INFO = YES;
				ONLY_ACTIVE_ARCH = YES;
				SDKROOT = iphoneos;
				TARGETED_DEVICE_FAMILY = "1,2";
			};
			name = Debug;
		};
		2B60FB331C6D67D300EC3071 /* Release */ = {
			isa = XCBuildConfiguration;
			buildSettings = {
				ALWAYS_SEARCH_USER_PATHS = NO;
				CLANG_CXX_LANGUAGE_STANDARD = "gnu++0x";
				CLANG_CXX_LIBRARY = "libc++";
				CLANG_ENABLE_MODULES = YES;
				CLANG_ENABLE_OBJC_ARC = YES;
				CLANG_WARN_BOOL_CONVERSION = YES;
				CLANG_WARN_CONSTANT_CONVERSION = YES;
				CLANG_WARN_DIRECT_OBJC_ISA_USAGE = YES_ERROR;
				CLANG_WARN_EMPTY_BODY = YES;
				CLANG_WARN_ENUM_CONVERSION = YES;
				CLANG_WARN_INT_CONVERSION = YES;
				CLANG_WARN_OBJC_ROOT_CLASS = YES_ERROR;
				CLANG_WARN_UNREACHABLE_CODE = YES;
				CLANG_WARN__DUPLICATE_METHOD_MATCH = YES;
				"CODE_SIGN_IDENTITY[sdk=iphoneos*]" = "iPhone Developer";
				COPY_PHASE_STRIP = NO;
				DEBUG_INFORMATION_FORMAT = "dwarf-with-dsym";
				ENABLE_NS_ASSERTIONS = NO;
				ENABLE_STRICT_OBJC_MSGSEND = YES;
				GCC_C_LANGUAGE_STANDARD = gnu99;
				GCC_NO_COMMON_BLOCKS = YES;
				GCC_WARN_64_TO_32_BIT_CONVERSION = YES;
				GCC_WARN_ABOUT_RETURN_TYPE = YES_ERROR;
				GCC_WARN_UNDECLARED_SELECTOR = YES;
				GCC_WARN_UNINITIALIZED_AUTOS = YES_AGGRESSIVE;
				GCC_WARN_UNUSED_FUNCTION = YES;
				GCC_WARN_UNUSED_VARIABLE = YES;
				IPHONEOS_DEPLOYMENT_TARGET = 9.2;
				MTL_ENABLE_DEBUG_INFO = NO;
				SDKROOT = iphoneos;
				TARGETED_DEVICE_FAMILY = "1,2";
				VALIDATE_PRODUCT = YES;
			};
			name = Release;
		};
		2B60FB351C6D67D300EC3071 /* Debug */ = {
			isa = XCBuildConfiguration;
			baseConfigurationReference = AAEAB86A831930E92D4A08A1 /* Pods.debug.xcconfig */;
			buildSettings = {
				ASSETCATALOG_COMPILER_APPICON_NAME = AppIcon;
				GCC_PREFIX_HEADER = BehancePlay/BEPPrefixHeader.pch;
				INFOPLIST_FILE = BehancePlay/Info.plist;
				LD_RUNPATH_SEARCH_PATHS = "$(inherited) @executable_path/Frameworks";
				PRODUCT_BUNDLE_IDENTIFIER = com.vinnybad.BehancePlay;
				PRODUCT_NAME = "$(TARGET_NAME)";
			};
			name = Debug;
		};
		2B60FB361C6D67D300EC3071 /* Release */ = {
			isa = XCBuildConfiguration;
			baseConfigurationReference = 8BA01A77ACDC27E23CFF1233 /* Pods.release.xcconfig */;
			buildSettings = {
				ASSETCATALOG_COMPILER_APPICON_NAME = AppIcon;
				GCC_PREFIX_HEADER = BehancePlay/BEPPrefixHeader.pch;
				INFOPLIST_FILE = BehancePlay/Info.plist;
				LD_RUNPATH_SEARCH_PATHS = "$(inherited) @executable_path/Frameworks";
				PRODUCT_BUNDLE_IDENTIFIER = com.vinnybad.BehancePlay;
				PRODUCT_NAME = "$(TARGET_NAME)";
			};
			name = Release;
		};
		2B60FB381C6D67D300EC3071 /* Debug */ = {
			isa = XCBuildConfiguration;
			baseConfigurationReference = 4BE0F4CA870194359761268C /* Pods-BehancePlayTests.debug.xcconfig */;
			buildSettings = {
				BUNDLE_LOADER = "$(TEST_HOST)";
				INFOPLIST_FILE = BehancePlayTests/Info.plist;
				LD_RUNPATH_SEARCH_PATHS = "$(inherited) @executable_path/Frameworks @loader_path/Frameworks";
				PRODUCT_BUNDLE_IDENTIFIER = com.vinnybad.BehancePlayTests;
				PRODUCT_NAME = "$(TARGET_NAME)";
				TEST_HOST = "$(BUILT_PRODUCTS_DIR)/BehancePlay.app/BehancePlay";
			};
			name = Debug;
		};
		2B60FB391C6D67D300EC3071 /* Release */ = {
			isa = XCBuildConfiguration;
			baseConfigurationReference = 4B551248C46F146DF2621B11 /* Pods-BehancePlayTests.release.xcconfig */;
			buildSettings = {
				BUNDLE_LOADER = "$(TEST_HOST)";
				INFOPLIST_FILE = BehancePlayTests/Info.plist;
				LD_RUNPATH_SEARCH_PATHS = "$(inherited) @executable_path/Frameworks @loader_path/Frameworks";
				PRODUCT_BUNDLE_IDENTIFIER = com.vinnybad.BehancePlayTests;
				PRODUCT_NAME = "$(TARGET_NAME)";
				TEST_HOST = "$(BUILT_PRODUCTS_DIR)/BehancePlay.app/BehancePlay";
			};
			name = Release;
		};
		2B60FB3B1C6D67D300EC3071 /* Debug */ = {
			isa = XCBuildConfiguration;
			buildSettings = {
				INFOPLIST_FILE = BehancePlayUITests/Info.plist;
				LD_RUNPATH_SEARCH_PATHS = "$(inherited) @executable_path/Frameworks @loader_path/Frameworks";
				PRODUCT_BUNDLE_IDENTIFIER = com.vinnybad.BehancePlayUITests;
				PRODUCT_NAME = "$(TARGET_NAME)";
				TEST_TARGET_NAME = BehancePlay;
				USES_XCTRUNNER = YES;
			};
			name = Debug;
		};
		2B60FB3C1C6D67D300EC3071 /* Release */ = {
			isa = XCBuildConfiguration;
			buildSettings = {
				INFOPLIST_FILE = BehancePlayUITests/Info.plist;
				LD_RUNPATH_SEARCH_PATHS = "$(inherited) @executable_path/Frameworks @loader_path/Frameworks";
				PRODUCT_BUNDLE_IDENTIFIER = com.vinnybad.BehancePlayUITests;
				PRODUCT_NAME = "$(TARGET_NAME)";
				TEST_TARGET_NAME = BehancePlay;
				USES_XCTRUNNER = YES;
			};
			name = Release;
		};
/* End XCBuildConfiguration section */

/* Begin XCConfigurationList section */
		2B60FB021C6D67D200EC3071 /* Build configuration list for PBXProject "BehancePlay" */ = {
			isa = XCConfigurationList;
			buildConfigurations = (
				2B60FB321C6D67D300EC3071 /* Debug */,
				2B60FB331C6D67D300EC3071 /* Release */,
			);
			defaultConfigurationIsVisible = 0;
			defaultConfigurationName = Release;
		};
		2B60FB341C6D67D300EC3071 /* Build configuration list for PBXNativeTarget "BehancePlay" */ = {
			isa = XCConfigurationList;
			buildConfigurations = (
				2B60FB351C6D67D300EC3071 /* Debug */,
				2B60FB361C6D67D300EC3071 /* Release */,
			);
			defaultConfigurationIsVisible = 0;
			defaultConfigurationName = Release;
		};
		2B60FB371C6D67D300EC3071 /* Build configuration list for PBXNativeTarget "BehancePlayTests" */ = {
			isa = XCConfigurationList;
			buildConfigurations = (
				2B60FB381C6D67D300EC3071 /* Debug */,
				2B60FB391C6D67D300EC3071 /* Release */,
			);
			defaultConfigurationIsVisible = 0;
			defaultConfigurationName = Release;
		};
		2B60FB3A1C6D67D300EC3071 /* Build configuration list for PBXNativeTarget "BehancePlayUITests" */ = {
			isa = XCConfigurationList;
			buildConfigurations = (
				2B60FB3B1C6D67D300EC3071 /* Debug */,
				2B60FB3C1C6D67D300EC3071 /* Release */,
			);
			defaultConfigurationIsVisible = 0;
			defaultConfigurationName = Release;
		};
/* End XCConfigurationList section */
	};
	rootObject = 2B60FAFF1C6D67D200EC3071 /* Project object */;
}
